
Microsoft Visual Studio Solution File, Format Version 10.00
# Visual Studio 2008
Project("{FAE04EC0-301F-11D3-BF4B-00C04F79EFBC}") = "GMView", "GMView\GMView.csproj", "{00881AE4-68E1-4857-8672-0331739547F1}"
EndProject
Project("{FAE04EC0-301F-11D3-BF4B-00C04F79EFBC}") = "GMLDirect3D", "GMLDirect3D\GMLDirect3D.csproj", "{6DE28117-EA28-4B4B-B09D-FB5E4C509A4C}"
EndProject
Project("{FAE04EC0-301F-11D3-BF4B-00C04F79EFBC}") = "GMLOpenGL", "GMLOpenGL\GMLOpenGL.csproj", "{468FEB0F-A27C-4503-938B-7AE17F6D2A51}"
EndProject
Project("{FAE04EC0-301F-11D3-BF4B-00C04F79EFBC}") = "GMLBase", "GMLBase\GMLBase.csproj", "{C5C0008D-5D68-4BB9-9F54-D1AA723885E2}"
EndProject
Project("{FAE04EC0-301F-11D3-BF4B-00C04F79EFBC}") = "GMLgdiPlus", "GMLgdiPlus\GMLgdiPlus.csproj", "{7AFF640E-1B42-41E9-A28E-B583FB8B08EC}"
EndProject
Project("{FAE04EC0-301F-11D3-BF4B-00C04F79EFBC}") = "XnGFL", "XnGFL\XnGFL.csproj", "{1633B183-E970-4AA2-885B-7548DD4B6148}"
EndProject
Project("{FAE04EC0-301F-11D3-BF4B-00C04F79EFBC}") = "ncUtils", "ncUtils\ncUtils.csproj", "{C3A3C585-F715-4A0C-8222-F87C82AEB7EA}"
EndProject
Project("{8BC9CEB8-8B4A-11D0-8D11-00A0C91BC942}") = "XnGFLWrap", "XnGFLWrap\XnGFLWrap.vcproj", "{BA8996D6-FED4-449B-A22E-46FBFBC6ABBB}"
EndProject
Global
	GlobalSection(SolutionConfigurationPlatforms) = preSolution
		Debug|Any CPU = Debug|Any CPU
		Debug|Mixed Platforms = Debug|Mixed Platforms
		Debug|Win32 = Debug|Win32
		Release|Any CPU = Release|Any CPU
		Release|Mixed Platforms = Release|Mixed Platforms
		Release|Win32 = Release|Win32
	EndGlobalSection
	GlobalSection(ProjectConfigurationPlatforms) = postSolution
		{00881AE4-68E1-4857-8672-0331739547F1}.Debug|Any CPU.ActiveCfg = Debug|Any CPU
		{00881AE4-68E1-4857-8672-0331739547F1}.Debug|Any CPU.Build.0 = Debug|Any CPU
		{00881AE4-68E1-4857-8672-0331739547F1}.Debug|Mixed Platforms.ActiveCfg = Debug|Any CPU
		{00881AE4-68E1-4857-8672-0331739547F1}.Debug|Mixed Platforms.Build.0 = Debug|Any CPU
		{00881AE4-68E1-4857-8672-0331739547F1}.Debug|Win32.ActiveCfg = Debug|Any CPU
		{00881AE4-68E1-4857-8672-0331739547F1}.Release|Any CPU.ActiveCfg = Release|Any CPU
		{00881AE4-68E1-4857-8672-0331739547F1}.Release|Any CPU.Build.0 = Release|Any CPU
		{00881AE4-68E1-4857-8672-0331739547F1}.Release|Mixed Platforms.ActiveCfg = Release|Any CPU
		{00881AE4-68E1-4857-8672-0331739547F1}.Release|Mixed Platforms.Build.0 = Release|Any CPU
		{00881AE4-68E1-4857-8672-0331739547F1}.Release|Win32.ActiveCfg = Release|Any CPU
		{6DE28117-EA28-4B4B-B09D-FB5E4C509A4C}.Debug|Any CPU.ActiveCfg = Debug|Any CPU
		{6DE28117-EA28-4B4B-B09D-FB5E4C509A4C}.Debug|Any CPU.Build.0 = Debug|Any CPU
		{6DE28117-EA28-4B4B-B09D-FB5E4C509A4C}.Debug|Mixed Platforms.ActiveCfg = Debug|Any CPU
		{6DE28117-EA28-4B4B-B09D-FB5E4C509A4C}.Debug|Mixed Platforms.Build.0 = Debug|Any CPU
		{6DE28117-EA28-4B4B-B09D-FB5E4C509A4C}.Debug|Win32.ActiveCfg = Debug|Any CPU
		{6DE28117-EA28-4B4B-B09D-FB5E4C509A4C}.Release|Any CPU.ActiveCfg = Release|Any CPU
		{6DE28117-EA28-4B4B-B09D-FB5E4C509A4C}.Release|Any CPU.Build.0 = Release|Any CPU
		{6DE28117-EA28-4B4B-B09D-FB5E4C509A4C}.Release|Mixed Platforms.ActiveCfg = Release|Any CPU
		{6DE28117-EA28-4B4B-B09D-FB5E4C509A4C}.Release|Mixed Platforms.Build.0 = Release|Any CPU
		{6DE28117-EA28-4B4B-B09D-FB5E4C509A4C}.Release|Win32.ActiveCfg = Release|Any CPU
		{468FEB0F-A27C-4503-938B-7AE17F6D2A51}.Debug|Any CPU.ActiveCfg = Debug|Any CPU
		{468FEB0F-A27C-4503-938B-7AE17F6D2A51}.Debug|Any CPU.Build.0 = Debug|Any CPU
		{468FEB0F-A27C-4503-938B-7AE17F6D2A51}.Debug|Mixed Platforms.ActiveCfg = Debug|Any CPU
		{468FEB0F-A27C-4503-938B-7AE17F6D2A51}.Debug|Mixed Platforms.Build.0 = Debug|Any CPU
		{468FEB0F-A27C-4503-938B-7AE17F6D2A51}.Debug|Win32.ActiveCfg = Debug|Any CPU
		{468FEB0F-A27C-4503-938B-7AE17F6D2A51}.Release|Any CPU.ActiveCfg = Release|Any CPU
		{468FEB0F-A27C-4503-938B-7AE17F6D2A51}.Release|Any CPU.Build.0 = Release|Any CPU
		{468FEB0F-A27C-4503-938B-7AE17F6D2A51}.Release|Mixed Platforms.ActiveCfg = Release|Any CPU
		{468FEB0F-A27C-4503-938B-7AE17F6D2A51}.Release|Mixed Platforms.Build.0 = Release|Any CPU
		{468FEB0F-A27C-4503-938B-7AE17F6D2A51}.Release|Win32.ActiveCfg = Release|Any CPU
		{C5C0008D-5D68-4BB9-9F54-D1AA723885E2}.Debug|Any CPU.ActiveCfg = Debug|Any CPU
		{C5C0008D-5D68-4BB9-9F54-D1AA723885E2}.Debug|Any CPU.Build.0 = Debug|Any CPU
		{C5C0008D-5D68-4BB9-9F54-D1AA723885E2}.Debug|Mixed Platforms.ActiveCfg = Debug|Any CPU
		{C5C0008D-5D68-4BB9-9F54-D1AA723885E2}.Debug|Mixed Platforms.Build.0 = Debug|Any CPU
		{C5C0008D-5D68-4BB9-9F54-D1AA723885E2}.Debug|Win32.ActiveCfg = Debug|Any CPU
		{C5C0008D-5D68-4BB9-9F54-D1AA723885E2}.Release|Any CPU.ActiveCfg = Release|Any CPU
		{C5C0008D-5D68-4BB9-9F54-D1AA723885E2}.Release|Any CPU.Build.0 = Release|Any CPU
		{C5C0008D-5D68-4BB9-9F54-D1AA723885E2}.Release|Mixed Platforms.ActiveCfg = Release|Any CPU
		{C5C0008D-5D68-4BB9-9F54-D1AA723885E2}.Release|Mixed Platforms.Build.0 = Release|Any CPU
		{C5C0008D-5D68-4BB9-9F54-D1AA723885E2}.Release|Win32.ActiveCfg = Release|Any CPU
		{7AFF640E-1B42-41E9-A28E-B583FB8B08EC}.Debug|Any CPU.ActiveCfg = Debug|Any CPU
		{7AFF640E-1B42-41E9-A28E-B583FB8B08EC}.Debug|Any CPU.Build.0 = Debug|Any CPU
		{7AFF640E-1B42-41E9-A28E-B583FB8B08EC}.Debug|Mixed Platforms.ActiveCfg = Debug|Any CPU
		{7AFF640E-1B42-41E9-A28E-B583FB8B08EC}.Debug|Mixed Platforms.Build.0 = Debug|Any CPU
		{7AFF640E-1B42-41E9-A28E-B583FB8B08EC}.Debug|Win32.ActiveCfg = Debug|Any CPU
		{7AFF640E-1B42-41E9-A28E-B583FB8B08EC}.Release|Any CPU.ActiveCfg = Release|Any CPU
		{7AFF640E-1B42-41E9-A28E-B583FB8B08EC}.Release|Any CPU.Build.0 = Release|Any CPU
		{7AFF640E-1B42-41E9-A28E-B583FB8B08EC}.Release|Mixed Platforms.ActiveCfg = Release|Any CPU
		{7AFF640E-1B42-41E9-A28E-B583FB8B08EC}.Release|Mixed Platforms.Build.0 = Release|Any CPU
		{7AFF640E-1B42-41E9-A28E-B583FB8B08EC}.Release|Win32.ActiveCfg = Release|Any CPU
		{1633B183-E970-4AA2-885B-7548DD4B6148}.Debug|Any CPU.ActiveCfg = Debug|Any CPU
		{1633B183-E970-4AA2-885B-7548DD4B6148}.Debug|Any CPU.Build.0 = Debug|Any CPU
		{1633B183-E970-4AA2-885B-7548DD4B6148}.Debug|Mixed Platforms.ActiveCfg = Debug|Any CPU
		{1633B183-E970-4AA2-885B-7548DD4B6148}.Debug|Mixed Platforms.Build.0 = Debug|Any CPU
		{1633B183-E970-4AA2-885B-7548DD4B6148}.Debug|Win32.ActiveCfg = Debug|Any CPU
		{1633B183-E970-4AA2-885B-7548DD4B6148}.Release|Any CPU.ActiveCfg = Release|Any CPU
		{1633B183-E970-4AA2-885B-7548DD4B6148}.Release|Any CPU.Build.0 = Release|Any CPU
		{1633B183-E970-4AA2-885B-7548DD4B6148}.Release|Mixed Platforms.ActiveCfg = Release|Any CPU
		{1633B183-E970-4AA2-885B-7548DD4B6148}.Release|Mixed Platforms.Build.0 = Release|Any CPU
		{1633B183-E970-4AA2-885B-7548DD4B6148}.Release|Win32.ActiveCfg = Release|Any CPU
		{C3A3C585-F715-4A0C-8222-F87C82AEB7EA}.Debug|Any CPU.ActiveCfg = Debug|Any CPU
		{C3A3C585-F715-4A0C-8222-F87C82AEB7EA}.Debug|Any CPU.Build.0 = Debug|Any CPU
		{C3A3C585-F715-4A0C-8222-F87C82AEB7EA}.Debug|Mixed Platforms.ActiveCfg = Debug|Any CPU
		{C3A3C585-F715-4A0C-8222-F87C82AEB7EA}.Debug|Mixed Platforms.Build.0 = Debug|Any CPU
		{C3A3C585-F715-4A0C-8222-F87C82AEB7EA}.Debug|Win32.ActiveCfg = Debug|Any CPU
		{C3A3C585-F715-4A0C-8222-F87C82AEB7EA}.Release|Any CPU.ActiveCfg = Release|Any CPU
		{C3A3C585-F715-4A0C-8222-F87C82AEB7EA}.Release|Any CPU.Build.0 = Release|Any CPU
		{C3A3C585-F715-4A0C-8222-F87C82AEB7EA}.Release|Mixed Platforms.ActiveCfg = Release|Any CPU
		{C3A3C585-F715-4A0C-8222-F87C82AEB7EA}.Release|Mixed Platforms.Build.0 = Release|Any CPU
		{C3A3C585-F715-4A0C-8222-F87C82AEB7EA}.Release|Win32.ActiveCfg = Release|Any CPU
		{BA8996D6-FED4-449B-A22E-46FBFBC6ABBB}.Debug|Any CPU.ActiveCfg = Debug|Win32
		{BA8996D6-FED4-449B-A22E-46FBFBC6ABBB}.Debug|Mixed Platforms.ActiveCfg = Debug|Win32
		{BA8996D6-FED4-449B-A22E-46FBFBC6ABBB}.Debug|Mixed Platforms.Build.0 = Debug|Win32
		{BA8996D6-FED4-449B-A22E-46FBFBC6ABBB}.Debug|Win32.ActiveCfg = Debug|Win32
		{BA8996D6-FED4-449B-A22E-46FBFBC6ABBB}.Debug|Win32.Build.0 = Debug|Win32
		{BA8996D6-FED4-449B-A22E-46FBFBC6ABBB}.Release|Any CPU.ActiveCfg = Release|Win32
		{BA8996D6-FED4-449B-A22E-46FBFBC6ABBB}.Release|Mixed Platforms.ActiveCfg = Release|Win32
		{BA8996D6-FED4-449B-A22E-46FBFBC6ABBB}.Release|Mixed Platforms.Build.0 = Release|Win32
		{BA8996D6-FED4-449B-A22E-46FBFBC6ABBB}.Release|Win32.ActiveCfg = Release|Win32
		{BA8996D6-FED4-449B-A22E-46FBFBC6ABBB}.Release|Win32.Build.0 = Release|Win32
	EndGlobalSection
	GlobalSection(SolutionProperties) = preSolution
		HideSolutionNode = FALSE
	EndGlobalSection
EndGlobal
